
Microsoft Visual Studio Solution File, Format Version 12.00
# Visual Studio Version 17
VisualStudioVersion = 17.14.36511.14 d17.14
MinimumVisualStudioVersion = 10.0.40219.1
Project("{FAE04EC0-301F-11D3-BF4B-00C04F79EFBC}") = "StoryReader.Application", "StoryReader.Application\StoryReader.Application.csproj", "{38BCFC4F-DC76-4F51-9797-9A1AA568E8D7}"
EndProject
Project("{FAE04EC0-301F-11D3-BF4B-00C04F79EFBC}") = "StoryReader.Domain", "StoryReader.Domain\StoryReader.Domain.csproj", "{0E57718F-3DD8-45CB-BF48-14E60E81BDE9}"
EndProject
Project("{FAE04EC0-301F-11D3-BF4B-00C04F79EFBC}") = "StoryReader.Infrastructure", "StoryReader.Infrastructure\StoryReader.Infrastructure.csproj", "{67C91E1D-8DBD-4F4B-BC9E-00CFB97D0C48}"
EndProject
Project("{FAE04EC0-301F-11D3-BF4B-00C04F79EFBC}") = "StoryReader.Persistence", "StoryReader.Persistence\StoryReader.Persistence.csproj", "{8A354CFB-2E51-4ADA-A133-CF1373964DBA}"
EndProject
Project("{FAE04EC0-301F-11D3-BF4B-00C04F79EFBC}") = "StoryReader.Api", "StoryReader.Api\StoryReader.Api.csproj", "{D38C2FBA-FE02-46AC-8028-F026FABCB30A}"
EndProject
Global
	GlobalSection(SolutionConfigurationPlatforms) = preSolution
		Debug|Any CPU = Debug|Any CPU
		Release|Any CPU = Release|Any CPU
	EndGlobalSection
	GlobalSection(ProjectConfigurationPlatforms) = postSolution
		{38BCFC4F-DC76-4F51-9797-9A1AA568E8D7}.Debug|Any CPU.ActiveCfg = Debug|Any CPU
		{38BCFC4F-DC76-4F51-9797-9A1AA568E8D7}.Debug|Any CPU.Build.0 = Debug|Any CPU
		{38BCFC4F-DC76-4F51-9797-9A1AA568E8D7}.Release|Any CPU.ActiveCfg = Release|Any CPU
		{38BCFC4F-DC76-4F51-9797-9A1AA568E8D7}.Release|Any CPU.Build.0 = Release|Any CPU
		{0E57718F-3DD8-45CB-BF48-14E60E81BDE9}.Debug|Any CPU.ActiveCfg = Debug|Any CPU
		{0E57718F-3DD8-45CB-BF48-14E60E81BDE9}.Debug|Any CPU.Build.0 = Debug|Any CPU
		{0E57718F-3DD8-45CB-BF48-14E60E81BDE9}.Release|Any CPU.ActiveCfg = Release|Any CPU
		{0E57718F-3DD8-45CB-BF48-14E60E81BDE9}.Release|Any CPU.Build.0 = Release|Any CPU
		{67C91E1D-8DBD-4F4B-BC9E-00CFB97D0C48}.Debug|Any CPU.ActiveCfg = Debug|Any CPU
		{67C91E1D-8DBD-4F4B-BC9E-00CFB97D0C48}.Debug|Any CPU.Build.0 = Debug|Any CPU
		{67C91E1D-8DBD-4F4B-BC9E-00CFB97D0C48}.Release|Any CPU.ActiveCfg = Release|Any CPU
		{67C91E1D-8DBD-4F4B-BC9E-00CFB97D0C48}.Release|Any CPU.Build.0 = Release|Any CPU
		{8A354CFB-2E51-4ADA-A133-CF1373964DBA}.Debug|Any CPU.ActiveCfg = Debug|Any CPU
		{8A354CFB-2E51-4ADA-A133-CF1373964DBA}.Debug|Any CPU.Build.0 = Debug|Any CPU
		{8A354CFB-2E51-4ADA-A133-CF1373964DBA}.Release|Any CPU.ActiveCfg = Release|Any CPU
		{8A354CFB-2E51-4ADA-A133-CF1373964DBA}.Release|Any CPU.Build.0 = Release|Any CPU
		{D38C2FBA-FE02-46AC-8028-F026FABCB30A}.Debug|Any CPU.ActiveCfg = Debug|Any CPU
		{D38C2FBA-FE02-46AC-8028-F026FABCB30A}.Debug|Any CPU.Build.0 = Debug|Any CPU
		{D38C2FBA-FE02-46AC-8028-F026FABCB30A}.Release|Any CPU.ActiveCfg = Release|Any CPU
		{D38C2FBA-FE02-46AC-8028-F026FABCB30A}.Release|Any CPU.Build.0 = Release|Any CPU
	EndGlobalSection
	GlobalSection(SolutionProperties) = preSolution
		HideSolutionNode = FALSE
	EndGlobalSection
	GlobalSection(ExtensibilityGlobals) = postSolution
		SolutionGuid = {FA87752A-CF83-46ED-86CB-8FA122560509}
	EndGlobalSection
EndGlobal
